
Microsoft Visual Studio Solution File, Format Version 12.00
# Visual Studio Version 16
VisualStudioVersion = 16.0.30225.117
MinimumVisualStudioVersion = 10.0.40219.1
Project("{FAE04EC0-301F-11D3-BF4B-00C04F79EFBC}") = "Generics", "Generics\Generics.csproj", "{BA86CA0F-6FB0-4ECA-B89D-70004CDFF474}"
EndProject
Global
	GlobalSection(SolutionConfigurationPlatforms) = preSolution
		Debug|Any CPU = Debug|Any CPU
		Release|Any CPU = Release|Any CPU
	EndGlobalSection
	GlobalSection(ProjectConfigurationPlatforms) = postSolution
		{BA86CA0F-6FB0-4ECA-B89D-70004CDFF474}.Debug|Any CPU.ActiveCfg = Debug|Any CPU
		{BA86CA0F-6FB0-4ECA-B89D-70004CDFF474}.Debug|Any CPU.Build.0 = Debug|Any CPU
		{BA86CA0F-6FB0-4ECA-B89D-70004CDFF474}.Release|Any CPU.ActiveCfg = Release|Any CPU
		{BA86CA0F-6FB0-4ECA-B89D-70004CDFF474}.Release|Any CPU.Build.0 = Release|Any CPU
	EndGlobalSection
	GlobalSection(SolutionProperties) = preSolution
		HideSolutionNode = FALSE
	EndGlobalSection
	GlobalSection(ExtensibilityGlobals) = postSolution
		SolutionGuid = {5408E025-38C8-40EF-8AE3-3E5234D9A41C}
	EndGlobalSection
EndGlobal
